// !$*UTF8*$!
{
	archiveVersion = 1;
	classes = {
	};
	objectVersion = 50;
	objects = {

/* Begin PBXBuildFile section */
		4B2CA99D25D338F900C8B391 /* AppDelegate.swift in Sources */ = {isa = PBXBuildFile; fileRef = 4B2CA99C25D338F900C8B391 /* AppDelegate.swift */; };
		4B2CA99F25D338F900C8B391 /* SceneDelegate.swift in Sources */ = {isa = PBXBuildFile; fileRef = 4B2CA99E25D338F900C8B391 /* SceneDelegate.swift */; };
		4B2CA9A125D338F900C8B391 /* CocktailsListViewController.swift in Sources */ = {isa = PBXBuildFile; fileRef = 4B2CA9A025D338F900C8B391 /* CocktailsListViewController.swift */; };
		4B2CA9A425D338F900C8B391 /* CocktailsList.storyboard in Resources */ = {isa = PBXBuildFile; fileRef = 4B2CA9A225D338F900C8B391 /* CocktailsList.storyboard */; };
		4B2CA9A625D338FB00C8B391 /* Assets.xcassets in Resources */ = {isa = PBXBuildFile; fileRef = 4B2CA9A525D338FB00C8B391 /* Assets.xcassets */; };
		4B2CA9A925D338FB00C8B391 /* LaunchScreen.storyboard in Resources */ = {isa = PBXBuildFile; fileRef = 4B2CA9A725D338FB00C8B391 /* LaunchScreen.storyboard */; };
		4B2CA9B425D5B42D00C8B391 /* DataSource.swift in Sources */ = {isa = PBXBuildFile; fileRef = 4B2CA9B325D5B42D00C8B391 /* DataSource.swift */; };
		4B8034D525DB014E00FE00AB /* CocktailCollectionViewCell.swift in Sources */ = {isa = PBXBuildFile; fileRef = 4B8034D325DB014E00FE00AB /* CocktailCollectionViewCell.swift */; };
		4B8034D625DB014E00FE00AB /* CocktailCollectionViewCell.xib in Resources */ = {isa = PBXBuildFile; fileRef = 4B8034D425DB014E00FE00AB /* CocktailCollectionViewCell.xib */; };
/* End PBXBuildFile section */

/* Begin PBXFileReference section */
		4B2CA99925D338F900C8B391 /* Izyabar.app */ = {isa = PBXFileReference; explicitFileType = wrapper.application; includeInIndex = 0; path = Izyabar.app; sourceTree = BUILT_PRODUCTS_DIR; };
		4B2CA99C25D338F900C8B391 /* AppDelegate.swift */ = {isa = PBXFileReference; lastKnownFileType = sourcecode.swift; path = AppDelegate.swift; sourceTree = "<group>"; };
		4B2CA99E25D338F900C8B391 /* SceneDelegate.swift */ = {isa = PBXFileReference; lastKnownFileType = sourcecode.swift; path = SceneDelegate.swift; sourceTree = "<group>"; };
		4B2CA9A025D338F900C8B391 /* CocktailsListViewController.swift */ = {isa = PBXFileReference; lastKnownFileType = sourcecode.swift; path = CocktailsListViewController.swift; sourceTree = "<group>"; };
		4B2CA9A325D338F900C8B391 /* Base */ = {isa = PBXFileReference; lastKnownFileType = file.storyboard; name = Base; path = Base.lproj/CocktailsList.storyboard; sourceTree = "<group>"; };
		4B2CA9A525D338FB00C8B391 /* Assets.xcassets */ = {isa = PBXFileReference; lastKnownFileType = folder.assetcatalog; path = Assets.xcassets; sourceTree = "<group>"; };
		4B2CA9A825D338FB00C8B391 /* Base */ = {isa = PBXFileReference; lastKnownFileType = file.storyboard; name = Base; path = Base.lproj/LaunchScreen.storyboard; sourceTree = "<group>"; };
		4B2CA9AA25D338FB00C8B391 /* Info.plist */ = {isa = PBXFileReference; lastKnownFileType = text.plist.xml; path = Info.plist; sourceTree = "<group>"; };
		4B2CA9B325D5B42D00C8B391 /* DataSource.swift */ = {isa = PBXFileReference; lastKnownFileType = sourcecode.swift; path = DataSource.swift; sourceTree = "<group>"; };
		4B8034D325DB014E00FE00AB /* CocktailCollectionViewCell.swift */ = {isa = PBXFileReference; lastKnownFileType = sourcecode.swift; path = CocktailCollectionViewCell.swift; sourceTree = "<group>"; };
		4B8034D425DB014E00FE00AB /* CocktailCollectionViewCell.xib */ = {isa = PBXFileReference; lastKnownFileType = file.xib; path = CocktailCollectionViewCell.xib; sourceTree = "<group>"; };
/* End PBXFileReference section */

/* Begin PBXFrameworksBuildPhase section */
		4B2CA99625D338F900C8B391 /* Frameworks */ = {
			isa = PBXFrameworksBuildPhase;
			buildActionMask = 2147483647;
			files = (
			);
			runOnlyForDeploymentPostprocessing = 0;
		};
/* End PBXFrameworksBuildPhase section */

/* Begin PBXGroup section */
		4B2CA99025D338F800C8B391 = {
			isa = PBXGroup;
			children = (
				4B2CA99B25D338F900C8B391 /* Izyabar */,
				4B2CA99A25D338F900C8B391 /* Products */,
			);
			sourceTree = "<group>";
		};
		4B2CA99A25D338F900C8B391 /* Products */ = {
			isa = PBXGroup;
			children = (
				4B2CA99925D338F900C8B391 /* Izyabar.app */,
			);
			name = Products;
			sourceTree = "<group>";
		};
		4B2CA99B25D338F900C8B391 /* Izyabar */ = {
			isa = PBXGroup;
			children = (
				4B8034D825DC5FAB00FE00AB /* Data */,
				4B8034D925DC5FC200FE00AB /* Storyboards */,
				4B8034D725DC5F4300FE00AB /* CocktailsList */,
				4B2CA99C25D338F900C8B391 /* AppDelegate.swift */,
				4B2CA99E25D338F900C8B391 /* SceneDelegate.swift */,
				4B2CA9A525D338FB00C8B391 /* Assets.xcassets */,
				4B2CA9A725D338FB00C8B391 /* LaunchScreen.storyboard */,
				4B2CA9AA25D338FB00C8B391 /* Info.plist */,
			);
			path = Izyabar;
			sourceTree = "<group>";
		};
		4B8034D025DAFE9C00FE00AB /* CocktailCell */ = {
			isa = PBXGroup;
			children = (
				4B8034D325DB014E00FE00AB /* CocktailCollectionViewCell.swift */,
				4B8034D425DB014E00FE00AB /* CocktailCollectionViewCell.xib */,
			);
			path = CocktailCell;
			sourceTree = "<group>";
		};
		4B8034D725DC5F4300FE00AB /* CocktailsList */ = {
			isa = PBXGroup;
			children = (
				4B8034D025DAFE9C00FE00AB /* CocktailCell */,
				4B2CA9A025D338F900C8B391 /* CocktailsListViewController.swift */,
			);
			path = CocktailsList;
			sourceTree = "<group>";
		};
		4B8034D825DC5FAB00FE00AB /* Data */ = {
			isa = PBXGroup;
			children = (
				4B2CA9B325D5B42D00C8B391 /* DataSource.swift */,
			);
			path = Data;
			sourceTree = "<group>";
		};
		4B8034D925DC5FC200FE00AB /* Storyboards */ = {
			isa = PBXGroup;
			children = (
				4B2CA9A225D338F900C8B391 /* CocktailsList.storyboard */,
			);
			path = Storyboards;
			sourceTree = "<group>";
		};
/* End PBXGroup section */

/* Begin PBXNativeTarget section */
		4B2CA99825D338F900C8B391 /* Izyabar */ = {
			isa = PBXNativeTarget;
			buildConfigurationList = 4B2CA9AD25D338FB00C8B391 /* Build configuration list for PBXNativeTarget "Izyabar" */;
			buildPhases = (
				4B2CA99525D338F900C8B391 /* Sources */,
				4B2CA99625D338F900C8B391 /* Frameworks */,
				4B2CA99725D338F900C8B391 /* Resources */,
			);
			buildRules = (
			);
			dependencies = (
			);
			name = Izyabar;
			productName = Izyabar;
			productReference = 4B2CA99925D338F900C8B391 /* Izyabar.app */;
			productType = "com.apple.product-type.application";
		};
/* End PBXNativeTarget section */

/* Begin PBXProject section */
		4B2CA99125D338F900C8B391 /* Project object */ = {
			isa = PBXProject;
			attributes = {
				LastSwiftUpdateCheck = 1240;
				LastUpgradeCheck = 1240;
				TargetAttributes = {
					4B2CA99825D338F900C8B391 = {
						CreatedOnToolsVersion = 12.4;
					};
				};
			};
			buildConfigurationList = 4B2CA99425D338F900C8B391 /* Build configuration list for PBXProject "Izyabar" */;
			compatibilityVersion = "Xcode 9.3";
			developmentRegion = en;
			hasScannedForEncodings = 0;
			knownRegions = (
				en,
				Base,
			);
			mainGroup = 4B2CA99025D338F800C8B391;
			productRefGroup = 4B2CA99A25D338F900C8B391 /* Products */;
			projectDirPath = "";
			projectRoot = "";
			targets = (
				4B2CA99825D338F900C8B391 /* Izyabar */,
			);
		};
/* End PBXProject section */

/* Begin PBXResourcesBuildPhase section */
		4B2CA99725D338F900C8B391 /* Resources */ = {
			isa = PBXResourcesBuildPhase;
			buildActionMask = 2147483647;
			files = (
				4B2CA9A925D338FB00C8B391 /* LaunchScreen.storyboard in Resources */,
				4B2CA9A625D338FB00C8B391 /* Assets.xcassets in Resources */,
				4B8034D625DB014E00FE00AB /* CocktailCollectionViewCell.xib in Resources */,
				4B2CA9A425D338F900C8B391 /* CocktailsList.storyboard in Resources */,
			);
			runOnlyForDeploymentPostprocessing = 0;
		};
/* End PBXResourcesBuildPhase section */

/* Begin PBXSourcesBuildPhase section */
		4B2CA99525D338F900C8B391 /* Sources */ = {
			isa = PBXSourcesBuildPhase;
			buildActionMask = 2147483647;
			files = (
				4B2CA9A125D338F900C8B391 /* CocktailsListViewController.swift in Sources */,
				4B2CA99D25D338F900C8B391 /* AppDelegate.swift in Sources */,
				4B2CA9B425D5B42D00C8B391 /* DataSource.swift in Sources */,
				4B8034D525DB014E00FE00AB /* CocktailCollectionViewCell.swift in Sources */,
				4B2CA99F25D338F900C8B391 /* SceneDelegate.swift in Sources */,
			);
			runOnlyForDeploymentPostprocessing = 0;
		};
/* End PBXSourcesBuildPhase section */

/* Begin PBXVariantGroup section */
		4B2CA9A225D338F900C8B391 /* CocktailsList.storyboard */ = {
			isa = PBXVariantGroup;
			children = (
				4B2CA9A325D338F900C8B391 /* Base */,
			);
			name = CocktailsList.storyboard;
			sourceTree = "<group>";
		};
		4B2CA9A725D338FB00C8B391 /* LaunchScreen.storyboard */ = {
			isa = PBXVariantGroup;
			children = (
				4B2CA9A825D338FB00C8B391 /* Base */,
			);
			name = LaunchScreen.storyboard;
			sourceTree = "<group>";
		};
/* End PBXVariantGroup section */

/* Begin XCBuildConfiguration section */
		4B2CA9AB25D338FB00C8B391 /* Debug */ = {
			isa = XCBuildConfiguration;
			buildSettings = {
				ALWAYS_SEARCH_USER_PATHS = NO;
				CLANG_ANALYZER_NONNULL = YES;
				CLANG_ANALYZER_NUMBER_OBJECT_CONVERSION = YES_AGGRESSIVE;
				CLANG_CXX_LANGUAGE_STANDARD = "gnu++14";
				CLANG_CXX_LIBRARY = "libc++";
				CLANG_ENABLE_MODULES = YES;
				CLANG_ENABLE_OBJC_ARC = YES;
				CLANG_ENABLE_OBJC_WEAK = YES;
				CLANG_WARN_BLOCK_CAPTURE_AUTORELEASING = YES;
				CLANG_WARN_BOOL_CONVERSION = YES;
				CLANG_WARN_COMMA = YES;
				CLANG_WARN_CONSTANT_CONVERSION = YES;
				CLANG_WARN_DEPRECATED_OBJC_IMPLEMENTATIONS = YES;
				CLANG_WARN_DIRECT_OBJC_ISA_USAGE = YES_ERROR;
				CLANG_WARN_DOCUMENTATION_COMMENTS = YES;
				CLANG_WARN_EMPTY_BODY = YES;
				CLANG_WARN_ENUM_CONVERSION = YES;
				CLANG_WARN_INFINITE_RECURSION = YES;
				CLANG_WARN_INT_CONVERSION = YES;
				CLANG_WARN_NON_LITERAL_NULL_CONVERSION = YES;
				CLANG_WARN_OBJC_IMPLICIT_RETAIN_SELF = YES;
				CLANG_WARN_OBJC_LITERAL_CONVERSION = YES;
				CLANG_WARN_OBJC_ROOT_CLASS = YES_ERROR;
				CLANG_WARN_QUOTED_INCLUDE_IN_FRAMEWORK_HEADER = YES;
				CLANG_WARN_RANGE_LOOP_ANALYSIS = YES;
				CLANG_WARN_STRICT_PROTOTYPES = YES;
				CLANG_WARN_SUSPICIOUS_MOVE = YES;
				CLANG_WARN_UNGUARDED_AVAILABILITY = YES_AGGRESSIVE;
				CLANG_WARN_UNREACHABLE_CODE = YES;
				CLANG_WARN__DUPLICATE_METHOD_MATCH = YES;
				COPY_PHASE_STRIP = NO;
				DEBUG_INFORMATION_FORMAT = dwarf;
				ENABLE_STRICT_OBJC_MSGSEND = YES;
				ENABLE_TESTABILITY = YES;
				GCC_C_LANGUAGE_STANDARD = gnu11;
				GCC_DYNAMIC_NO_PIC = NO;
				GCC_NO_COMMON_BLOCKS = YES;
				GCC_OPTIMIZATION_LEVEL = 0;
				GCC_PREPROCESSOR_DEFINITIONS = (
					"DEBUG=1",
					"$(inherited)",
				);
				GCC_WARN_64_TO_32_BIT_CONVERSION = YES;
				GCC_WARN_ABOUT_RETURN_TYPE = YES_ERROR;
				GCC_WARN_UNDECLARED_SELECTOR = YES;
				GCC_WARN_UNINITIALIZED_AUTOS = YES_AGGRESSIVE;
				GCC_WARN_UNUSED_FUNCTION = YES;
				GCC_WARN_UNUSED_VARIABLE = YES;
				IPHONEOS_DEPLOYMENT_TARGET = 14.4;
				MTL_ENABLE_DEBUG_INFO = INCLUDE_SOURCE;
				MTL_FAST_MATH = YES;
				ONLY_ACTIVE_ARCH = YES;
				SDKROOT = iphoneos;
				SWIFT_ACTIVE_COMPILATION_CONDITIONS = DEBUG;
				SWIFT_OPTIMIZATION_LEVEL = "-Onone";
			};
			name = Debug;
		};
		4B2CA9AC25D338FB00C8B391 /* Release */ = {
			isa = XCBuildConfiguration;
			buildSettings = {
				ALWAYS_SEARCH_USER_PATHS = NO;
				CLANG_ANALYZER_NONNULL = YES;
				CLANG_ANALYZER_NUMBER_OBJECT_CONVERSION = YES_AGGRESSIVE;
				CLANG_CXX_LANGUAGE_STANDARD = "gnu++14";
				CLANG_CXX_LIBRARY = "libc++";
				CLANG_ENABLE_MODULES = YES;
				CLANG_ENABLE_OBJC_ARC = YES;
				CLANG_ENABLE_OBJC_WEAK = YES;
				CLANG_WARN_BLOCK_CAPTURE_AUTORELEASING = YES;
				CLANG_WARN_BOOL_CONVERSION = YES;
				CLANG_WARN_COMMA = YES;
				CLANG_WARN_CONSTANT_CONVERSION = YES;
				CLANG_WARN_DEPRECATED_OBJC_IMPLEMENTATIONS = YES;
				CLANG_WARN_DIRECT_OBJC_ISA_USAGE = YES_ERROR;
				CLANG_WARN_DOCUMENTATION_COMMENTS = YES;
				CLANG_WARN_EMPTY_BODY = YES;
				CLANG_WARN_ENUM_CONVERSION = YES;
				CLANG_WARN_INFINITE_RECURSION = YES;
				CLANG_WARN_INT_CONVERSION = YES;
				CLANG_WARN_NON_LITERAL_NULL_CONVERSION = YES;
				CLANG_WARN_OBJC_IMPLICIT_RETAIN_SELF = YES;
				CLANG_WARN_OBJC_LITERAL_CONVERSION = YES;
				CLANG_WARN_OBJC_ROOT_CLASS = YES_ERROR;
				CLANG_WARN_QUOTED_INCLUDE_IN_FRAMEWORK_HEADER = YES;
				CLANG_WARN_RANGE_LOOP_ANALYSIS = YES;
				CLANG_WARN_STRICT_PROTOTYPES = YES;
				CLANG_WARN_SUSPICIOUS_MOVE = YES;
				CLANG_WARN_UNGUARDED_AVAILABILITY = YES_AGGRESSIVE;
				CLANG_WARN_UNREACHABLE_CODE = YES;
				CLANG_WARN__DUPLICATE_METHOD_MATCH = YES;
				COPY_PHASE_STRIP = NO;
				DEBUG_INFORMATION_FORMAT = "dwarf-with-dsym";
				ENABLE_NS_ASSERTIONS = NO;
				ENABLE_STRICT_OBJC_MSGSEND = YES;
				GCC_C_LANGUAGE_STANDARD = gnu11;
				GCC_NO_COMMON_BLOCKS = YES;
				GCC_WARN_64_TO_32_BIT_CONVERSION = YES;
				GCC_WARN_ABOUT_RETURN_TYPE = YES_ERROR;
				GCC_WARN_UNDECLARED_SELECTOR = YES;
				GCC_WARN_UNINITIALIZED_AUTOS = YES_AGGRESSIVE;
				GCC_WARN_UNUSED_FUNCTION = YES;
				GCC_WARN_UNUSED_VARIABLE = YES;
				IPHONEOS_DEPLOYMENT_TARGET = 14.4;
				MTL_ENABLE_DEBUG_INFO = NO;
				MTL_FAST_MATH = YES;
				SDKROOT = iphoneos;
				SWIFT_COMPILATION_MODE = wholemodule;
				SWIFT_OPTIMIZATION_LEVEL = "-O";
				VALIDATE_PRODUCT = YES;
			};
			name = Release;
		};
		4B2CA9AE25D338FB00C8B391 /* Debug */ = {
			isa = XCBuildConfiguration;
			buildSettings = {
				ASSETCATALOG_COMPILER_APPICON_NAME = AppIcon;
				ASSETCATALOG_COMPILER_GLOBAL_ACCENT_COLOR_NAME = AccentColor;
				CODE_SIGN_STYLE = Automatic;
				DEVELOPMENT_TEAM = 25V7QQD9YE;
				INFOPLIST_FILE = Izyabar/Info.plist;
				LD_RUNPATH_SEARCH_PATHS = (
					"$(inherited)",
					"@executable_path/Frameworks",
				);
				PRODUCT_BUNDLE_IDENTIFIER = com.okunev.Izyabar;
				PRODUCT_NAME = "$(TARGET_NAME)";
				SWIFT_VERSION = 5.0;
				TARGETED_DEVICE_FAMILY = "1,2";
			};
			name = Debug;
		};
		4B2CA9AF25D338FB00C8B391 /* Release */ = {
			isa = XCBuildConfiguration;
			buildSettings = {
				ASSETCATALOG_COMPILER_APPICON_NAME = AppIcon;
				ASSETCATALOG_COMPILER_GLOBAL_ACCENT_COLOR_NAME = AccentColor;
				CODE_SIGN_STYLE = Automatic;
				DEVELOPMENT_TEAM = 25V7QQD9YE;
				INFOPLIST_FILE = Izyabar/Info.plist;
				LD_RUNPATH_SEARCH_PATHS = (
					"$(inherited)",
					"@executable_path/Frameworks",
				);
				PRODUCT_BUNDLE_IDENTIFIER = com.okunev.Izyabar;
				PRODUCT_NAME = "$(TARGET_NAME)";
				SWIFT_VERSION = 5.0;
				TARGETED_DEVICE_FAMILY = "1,2";
			};
			name = Release;
		};
/* End XCBuildConfiguration section */

/* Begin XCConfigurationList section */
		4B2CA99425D338F900C8B391 /* Build configuration list for PBXProject "Izyabar" */ = {
			isa = XCConfigurationList;
			buildConfigurations = (
				4B2CA9AB25D338FB00C8B391 /* Debug */,
				4B2CA9AC25D338FB00C8B391 /* Release */,
			);
			defaultConfigurationIsVisible = 0;
			defaultConfigurationName = Release;
		};
		4B2CA9AD25D338FB00C8B391 /* Build configuration list for PBXNativeTarget "Izyabar" */ = {
			isa = XCConfigurationList;
			buildConfigurations = (
				4B2CA9AE25D338FB00C8B391 /* Debug */,
				4B2CA9AF25D338FB00C8B391 /* Release */,
			);
			defaultConfigurationIsVisible = 0;
			defaultConfigurationName = Release;
		};
/* End XCConfigurationList section */
	};
	rootObject = 4B2CA99125D338F900C8B391 /* Project object */;
}
