// !$*UTF8*$!
{
	archiveVersion = 1;
	classes = {
	};
	objectVersion = 51;
	objects = {

/* Begin PBXBuildFile section */
		4B1C29DD25E959D600CB892A /* Cocktails.swift in Sources */ = {isa = PBXBuildFile; fileRef = 4B1C29DC25E959D600CB892A /* Cocktails.swift */; };
		4B2CA99D25D338F900C8B391 /* AppDelegate.swift in Sources */ = {isa = PBXBuildFile; fileRef = 4B2CA99C25D338F900C8B391 /* AppDelegate.swift */; };
		4B2CA99F25D338F900C8B391 /* SceneDelegate.swift in Sources */ = {isa = PBXBuildFile; fileRef = 4B2CA99E25D338F900C8B391 /* SceneDelegate.swift */; };
		4B2CA9A125D338F900C8B391 /* CocktailsListViewController.swift in Sources */ = {isa = PBXBuildFile; fileRef = 4B2CA9A025D338F900C8B391 /* CocktailsListViewController.swift */; };
		4B2CA9A425D338F900C8B391 /* CocktailsList.storyboard in Resources */ = {isa = PBXBuildFile; fileRef = 4B2CA9A225D338F900C8B391 /* CocktailsList.storyboard */; };
		4B2CA9A625D338FB00C8B391 /* Assets.xcassets in Resources */ = {isa = PBXBuildFile; fileRef = 4B2CA9A525D338FB00C8B391 /* Assets.xcassets */; };
		4B2CA9A925D338FB00C8B391 /* LaunchScreen.storyboard in Resources */ = {isa = PBXBuildFile; fileRef = 4B2CA9A725D338FB00C8B391 /* LaunchScreen.storyboard */; };
		4B2CA9B425D5B42D00C8B391 /* CocktailsListDataSource.swift in Sources */ = {isa = PBXBuildFile; fileRef = 4B2CA9B325D5B42D00C8B391 /* CocktailsListDataSource.swift */; };
		4B5CF07525EC3138001AB98E /* CeraPro-Bold.ttf in Resources */ = {isa = PBXBuildFile; fileRef = 4B5CF07125EC3138001AB98E /* CeraPro-Bold.ttf */; };
		4B5CF07625EC3138001AB98E /* CeraRoundPro-Light.otf in Resources */ = {isa = PBXBuildFile; fileRef = 4B5CF07225EC3138001AB98E /* CeraRoundPro-Light.otf */; };
		4B5CF07725EC3138001AB98E /* CeraPro-Medium.ttf in Resources */ = {isa = PBXBuildFile; fileRef = 4B5CF07325EC3138001AB98E /* CeraPro-Medium.ttf */; };
		4B5CF07825EC3138001AB98E /* CeraRoundPro-Regular.otf in Resources */ = {isa = PBXBuildFile; fileRef = 4B5CF07425EC3138001AB98E /* CeraRoundPro-Regular.otf */; };
		4B6CA5D425DC6D7B00DBA185 /* GridCollectionViewDelegate.swift in Sources */ = {isa = PBXBuildFile; fileRef = 4B6CA5D325DC6D7B00DBA185 /* GridCollectionViewDelegate.swift */; };
		4B6CA5FF25E1347900DBA185 /* CocktailDetailsViewController.swift in Sources */ = {isa = PBXBuildFile; fileRef = 4B6CA5FE25E1347900DBA185 /* CocktailDetailsViewController.swift */; };
		4B6CA60225E42A4700DBA185 /* Config.swift in Sources */ = {isa = PBXBuildFile; fileRef = 4B6CA60125E42A4600DBA185 /* Config.swift */; };
		4B6CA60425E430E300DBA185 /* IzyabarService.swift in Sources */ = {isa = PBXBuildFile; fileRef = 4B6CA60325E430E300DBA185 /* IzyabarService.swift */; };
		4B8034D525DB014E00FE00AB /* CocktailCollectionViewCell.swift in Sources */ = {isa = PBXBuildFile; fileRef = 4B8034D325DB014E00FE00AB /* CocktailCollectionViewCell.swift */; };
		4B8034D625DB014E00FE00AB /* CocktailCollectionViewCell.xib in Resources */ = {isa = PBXBuildFile; fileRef = 4B8034D425DB014E00FE00AB /* CocktailCollectionViewCell.xib */; };
		4BC7F04525F539B2003854C4 /* Localizable.strings in Resources */ = {isa = PBXBuildFile; fileRef = 4BC7F04725F539B2003854C4 /* Localizable.strings */; };
		4BC7F04A25F544E4003854C4 /* UIHelper.swift in Sources */ = {isa = PBXBuildFile; fileRef = 4BC7F04925F544E4003854C4 /* UIHelper.swift */; };
		4BC7F04C25F54F6F003854C4 /* UIColorExtensions.swift in Sources */ = {isa = PBXBuildFile; fileRef = 4BC7F04B25F54F6F003854C4 /* UIColorExtensions.swift */; };
		4BC7F04E25F551D1003854C4 /* Constants.swift in Sources */ = {isa = PBXBuildFile; fileRef = 4BC7F04D25F551D1003854C4 /* Constants.swift */; };
		4BC7F05125F622B5003854C4 /* AuthDataManager.swift in Sources */ = {isa = PBXBuildFile; fileRef = 4BC7F05025F622B5003854C4 /* AuthDataManager.swift */; };
		4BE0D37825FE6F4200086375 /* EditCocktailDelegate.swift in Sources */ = {isa = PBXBuildFile; fileRef = 4BE0D37725FE6F4200086375 /* EditCocktailDelegate.swift */; };
		4BE0D37A25FE729400086375 /* CocktailError.swift in Sources */ = {isa = PBXBuildFile; fileRef = 4BE0D37925FE729400086375 /* CocktailError.swift */; };
		4BE0D381260131DA00086375 /* CocktailDetailsViewModel.swift in Sources */ = {isa = PBXBuildFile; fileRef = 4BE0D380260131DA00086375 /* CocktailDetailsViewModel.swift */; };
		63EED13625F947680083C82B /* CocktailService.swift in Sources */ = {isa = PBXBuildFile; fileRef = 63EED13525F947680083C82B /* CocktailService.swift */; };
		63EED13A25F9539D0083C82B /* AddOrEditCocktailViewController.swift in Sources */ = {isa = PBXBuildFile; fileRef = 63EED13925F9539D0083C82B /* AddOrEditCocktailViewController.swift */; };
		63EED13D25FA02130083C82B /* AddOrEditCocktailViewModel.swift in Sources */ = {isa = PBXBuildFile; fileRef = 63EED13C25FA02130083C82B /* AddOrEditCocktailViewModel.swift */; };
		63EED13F25FA83C40083C82B /* StringExtensions.swift in Sources */ = {isa = PBXBuildFile; fileRef = 63EED13E25FA83C40083C82B /* StringExtensions.swift */; };
		63EED14125FA83EC0083C82B /* UINavigationControllerExtensions.swift in Sources */ = {isa = PBXBuildFile; fileRef = 63EED14025FA83EC0083C82B /* UINavigationControllerExtensions.swift */; };
		63EED14325FA85EF0083C82B /* KeyboardContentInsetsBuilder.swift in Sources */ = {isa = PBXBuildFile; fileRef = 63EED14225FA85EF0083C82B /* KeyboardContentInsetsBuilder.swift */; };
		63EED14825FAA02D0083C82B /* AddCocktailDelegate.swift in Sources */ = {isa = PBXBuildFile; fileRef = 63EED14725FAA02D0083C82B /* AddCocktailDelegate.swift */; };
		88EA3F32F240C9D74E1C39B9 /* Pods_Izyabar.framework in Frameworks */ = {isa = PBXBuildFile; fileRef = 671BCE4A6376B3FBD1FFE27A /* Pods_Izyabar.framework */; };
/* End PBXBuildFile section */

/* Begin PBXFileReference section */
		4B1C29DC25E959D600CB892A /* Cocktails.swift */ = {isa = PBXFileReference; lastKnownFileType = sourcecode.swift; path = Cocktails.swift; sourceTree = "<group>"; };
		4B2CA99925D338F900C8B391 /* Izyabar.app */ = {isa = PBXFileReference; explicitFileType = wrapper.application; includeInIndex = 0; path = Izyabar.app; sourceTree = BUILT_PRODUCTS_DIR; };
		4B2CA99C25D338F900C8B391 /* AppDelegate.swift */ = {isa = PBXFileReference; lastKnownFileType = sourcecode.swift; path = AppDelegate.swift; sourceTree = "<group>"; };
		4B2CA99E25D338F900C8B391 /* SceneDelegate.swift */ = {isa = PBXFileReference; lastKnownFileType = sourcecode.swift; path = SceneDelegate.swift; sourceTree = "<group>"; };
		4B2CA9A025D338F900C8B391 /* CocktailsListViewController.swift */ = {isa = PBXFileReference; lastKnownFileType = sourcecode.swift; path = CocktailsListViewController.swift; sourceTree = "<group>"; };
		4B2CA9A325D338F900C8B391 /* Base */ = {isa = PBXFileReference; lastKnownFileType = file.storyboard; name = Base; path = Base.lproj/CocktailsList.storyboard; sourceTree = "<group>"; };
		4B2CA9A525D338FB00C8B391 /* Assets.xcassets */ = {isa = PBXFileReference; lastKnownFileType = folder.assetcatalog; path = Assets.xcassets; sourceTree = "<group>"; };
		4B2CA9A825D338FB00C8B391 /* Base */ = {isa = PBXFileReference; lastKnownFileType = file.storyboard; name = Base; path = Base.lproj/LaunchScreen.storyboard; sourceTree = "<group>"; };
		4B2CA9AA25D338FB00C8B391 /* Info.plist */ = {isa = PBXFileReference; lastKnownFileType = text.plist.xml; path = Info.plist; sourceTree = "<group>"; };
		4B2CA9B325D5B42D00C8B391 /* CocktailsListDataSource.swift */ = {isa = PBXFileReference; lastKnownFileType = sourcecode.swift; path = CocktailsListDataSource.swift; sourceTree = "<group>"; };
		4B5CF07125EC3138001AB98E /* CeraPro-Bold.ttf */ = {isa = PBXFileReference; lastKnownFileType = file; path = "CeraPro-Bold.ttf"; sourceTree = "<group>"; };
		4B5CF07225EC3138001AB98E /* CeraRoundPro-Light.otf */ = {isa = PBXFileReference; lastKnownFileType = file; path = "CeraRoundPro-Light.otf"; sourceTree = "<group>"; };
		4B5CF07325EC3138001AB98E /* CeraPro-Medium.ttf */ = {isa = PBXFileReference; lastKnownFileType = file; path = "CeraPro-Medium.ttf"; sourceTree = "<group>"; };
		4B5CF07425EC3138001AB98E /* CeraRoundPro-Regular.otf */ = {isa = PBXFileReference; lastKnownFileType = file; path = "CeraRoundPro-Regular.otf"; sourceTree = "<group>"; };
		4B6CA5D325DC6D7B00DBA185 /* GridCollectionViewDelegate.swift */ = {isa = PBXFileReference; lastKnownFileType = sourcecode.swift; path = GridCollectionViewDelegate.swift; sourceTree = "<group>"; };
		4B6CA5FE25E1347900DBA185 /* CocktailDetailsViewController.swift */ = {isa = PBXFileReference; lastKnownFileType = sourcecode.swift; path = CocktailDetailsViewController.swift; sourceTree = "<group>"; };
		4B6CA60125E42A4600DBA185 /* Config.swift */ = {isa = PBXFileReference; lastKnownFileType = sourcecode.swift; path = Config.swift; sourceTree = "<group>"; };
		4B6CA60325E430E300DBA185 /* IzyabarService.swift */ = {isa = PBXFileReference; lastKnownFileType = sourcecode.swift; path = IzyabarService.swift; sourceTree = "<group>"; };
		4B8034D325DB014E00FE00AB /* CocktailCollectionViewCell.swift */ = {isa = PBXFileReference; lastKnownFileType = sourcecode.swift; path = CocktailCollectionViewCell.swift; sourceTree = "<group>"; };
		4B8034D425DB014E00FE00AB /* CocktailCollectionViewCell.xib */ = {isa = PBXFileReference; lastKnownFileType = file.xib; path = CocktailCollectionViewCell.xib; sourceTree = "<group>"; };
		4BC7F04125F5357C003854C4 /* ru */ = {isa = PBXFileReference; lastKnownFileType = text.plist.strings; name = ru; path = ru.lproj/CocktailsList.strings; sourceTree = "<group>"; };
		4BC7F04225F5357D003854C4 /* ru */ = {isa = PBXFileReference; lastKnownFileType = text.plist.strings; name = ru; path = ru.lproj/LaunchScreen.strings; sourceTree = "<group>"; };
		4BC7F04625F539B2003854C4 /* ru */ = {isa = PBXFileReference; lastKnownFileType = text.plist.strings; name = ru; path = ru.lproj/Localizable.strings; sourceTree = "<group>"; };
		4BC7F04825F539B7003854C4 /* en */ = {isa = PBXFileReference; lastKnownFileType = text.plist.strings; name = en; path = en.lproj/Localizable.strings; sourceTree = "<group>"; };
		4BC7F04925F544E4003854C4 /* UIHelper.swift */ = {isa = PBXFileReference; lastKnownFileType = sourcecode.swift; path = UIHelper.swift; sourceTree = "<group>"; };
		4BC7F04B25F54F6F003854C4 /* UIColorExtensions.swift */ = {isa = PBXFileReference; lastKnownFileType = sourcecode.swift; path = UIColorExtensions.swift; sourceTree = "<group>"; };
		4BC7F04D25F551D1003854C4 /* Constants.swift */ = {isa = PBXFileReference; lastKnownFileType = sourcecode.swift; path = Constants.swift; sourceTree = "<group>"; };
		4BC7F05025F622B5003854C4 /* AuthDataManager.swift */ = {isa = PBXFileReference; lastKnownFileType = sourcecode.swift; path = AuthDataManager.swift; sourceTree = "<group>"; };
		4BE0D37725FE6F4200086375 /* EditCocktailDelegate.swift */ = {isa = PBXFileReference; lastKnownFileType = sourcecode.swift; path = EditCocktailDelegate.swift; sourceTree = "<group>"; };
		4BE0D37925FE729400086375 /* CocktailError.swift */ = {isa = PBXFileReference; lastKnownFileType = sourcecode.swift; path = CocktailError.swift; sourceTree = "<group>"; };
		4BE0D380260131DA00086375 /* CocktailDetailsViewModel.swift */ = {isa = PBXFileReference; lastKnownFileType = sourcecode.swift; path = CocktailDetailsViewModel.swift; sourceTree = "<group>"; };
		63EED13525F947680083C82B /* CocktailService.swift */ = {isa = PBXFileReference; lastKnownFileType = sourcecode.swift; path = CocktailService.swift; sourceTree = "<group>"; };
		63EED13925F9539D0083C82B /* AddOrEditCocktailViewController.swift */ = {isa = PBXFileReference; lastKnownFileType = sourcecode.swift; path = AddOrEditCocktailViewController.swift; sourceTree = "<group>"; };
		63EED13C25FA02130083C82B /* AddOrEditCocktailViewModel.swift */ = {isa = PBXFileReference; lastKnownFileType = sourcecode.swift; path = AddOrEditCocktailViewModel.swift; sourceTree = "<group>"; };
		63EED13E25FA83C40083C82B /* StringExtensions.swift */ = {isa = PBXFileReference; lastKnownFileType = sourcecode.swift; path = StringExtensions.swift; sourceTree = "<group>"; };
		63EED14025FA83EC0083C82B /* UINavigationControllerExtensions.swift */ = {isa = PBXFileReference; lastKnownFileType = sourcecode.swift; path = UINavigationControllerExtensions.swift; sourceTree = "<group>"; };
		63EED14225FA85EF0083C82B /* KeyboardContentInsetsBuilder.swift */ = {isa = PBXFileReference; lastKnownFileType = sourcecode.swift; path = KeyboardContentInsetsBuilder.swift; sourceTree = "<group>"; };
		63EED14725FAA02D0083C82B /* AddCocktailDelegate.swift */ = {isa = PBXFileReference; lastKnownFileType = sourcecode.swift; path = AddCocktailDelegate.swift; sourceTree = "<group>"; };
		671BCE4A6376B3FBD1FFE27A /* Pods_Izyabar.framework */ = {isa = PBXFileReference; explicitFileType = wrapper.framework; includeInIndex = 0; path = Pods_Izyabar.framework; sourceTree = BUILT_PRODUCTS_DIR; };
		BB89007151B8B3EC60C117A8 /* Pods-Izyabar.debug.xcconfig */ = {isa = PBXFileReference; includeInIndex = 1; lastKnownFileType = text.xcconfig; name = "Pods-Izyabar.debug.xcconfig"; path = "Target Support Files/Pods-Izyabar/Pods-Izyabar.debug.xcconfig"; sourceTree = "<group>"; };
		F61158B8DEF2B61D7F010270 /* Pods-Izyabar.release.xcconfig */ = {isa = PBXFileReference; includeInIndex = 1; lastKnownFileType = text.xcconfig; name = "Pods-Izyabar.release.xcconfig"; path = "Target Support Files/Pods-Izyabar/Pods-Izyabar.release.xcconfig"; sourceTree = "<group>"; };
/* End PBXFileReference section */

/* Begin PBXFrameworksBuildPhase section */
		4B2CA99625D338F900C8B391 /* Frameworks */ = {
			isa = PBXFrameworksBuildPhase;
			buildActionMask = 2147483647;
			files = (
				88EA3F32F240C9D74E1C39B9 /* Pods_Izyabar.framework in Frameworks */,
			);
			runOnlyForDeploymentPostprocessing = 0;
		};
/* End PBXFrameworksBuildPhase section */

/* Begin PBXGroup section */
		1F0AEBCA5A4712AEBBBBE945 /* Pods */ = {
			isa = PBXGroup;
			children = (
				BB89007151B8B3EC60C117A8 /* Pods-Izyabar.debug.xcconfig */,
				F61158B8DEF2B61D7F010270 /* Pods-Izyabar.release.xcconfig */,
			);
			path = Pods;
			sourceTree = "<group>";
		};
		4B2CA99025D338F800C8B391 = {
			isa = PBXGroup;
			children = (
				4B2CA99B25D338F900C8B391 /* Izyabar */,
				4B2CA99A25D338F900C8B391 /* Products */,
				1F0AEBCA5A4712AEBBBBE945 /* Pods */,
				FBCC0A9375176F981F84808F /* Frameworks */,
			);
			sourceTree = "<group>";
		};
		4B2CA99A25D338F900C8B391 /* Products */ = {
			isa = PBXGroup;
			children = (
				4B2CA99925D338F900C8B391 /* Izyabar.app */,
			);
			name = Products;
			sourceTree = "<group>";
		};
		4B2CA99B25D338F900C8B391 /* Izyabar */ = {
			isa = PBXGroup;
			children = (
				63EED13325F9471C0083C82B /* AddCocktail */,
				4B6CA5FD25E1343E00DBA185 /* CocktailDetails */,
				4B6CA60525E43CA400DBA185 /* Utils */,
				63EED14425FA86E80083C82B /* Extensions */,
				4B6CA60025E42A3900DBA185 /* Network */,
				4B8034D825DC5FAB00FE00AB /* Data */,
				4B8034D925DC5FC200FE00AB /* Storyboards */,
				4B8034D725DC5F4300FE00AB /* CocktailsList */,
				4B2CA99C25D338F900C8B391 /* AppDelegate.swift */,
				4B2CA99E25D338F900C8B391 /* SceneDelegate.swift */,
				4B2CA9A525D338FB00C8B391 /* Assets.xcassets */,
				4BC7F04725F539B2003854C4 /* Localizable.strings */,
				4B5CF07025EC3138001AB98E /* fonts */,
				4B2CA9A725D338FB00C8B391 /* LaunchScreen.storyboard */,
				4B2CA9AA25D338FB00C8B391 /* Info.plist */,
			);
			path = Izyabar;
			sourceTree = "<group>";
		};
		4B5CF07025EC3138001AB98E /* fonts */ = {
			isa = PBXGroup;
			children = (
				4B5CF07125EC3138001AB98E /* CeraPro-Bold.ttf */,
				4B5CF07225EC3138001AB98E /* CeraRoundPro-Light.otf */,
				4B5CF07325EC3138001AB98E /* CeraPro-Medium.ttf */,
				4B5CF07425EC3138001AB98E /* CeraRoundPro-Regular.otf */,
			);
			path = fonts;
			sourceTree = "<group>";
		};
		4B6CA5FD25E1343E00DBA185 /* CocktailDetails */ = {
			isa = PBXGroup;
			children = (
				4BE0D37E260131B700086375 /* View */,
				4BE0D37F260131C300086375 /* ViewModel */,
			);
			path = CocktailDetails;
			sourceTree = "<group>";
		};
		4B6CA60025E42A3900DBA185 /* Network */ = {
			isa = PBXGroup;
			children = (
				4B6CA60125E42A4600DBA185 /* Config.swift */,
				4B6CA60325E430E300DBA185 /* IzyabarService.swift */,
			);
			path = Network;
			sourceTree = "<group>";
		};
		4B6CA60525E43CA400DBA185 /* Utils */ = {
			isa = PBXGroup;
			children = (
				4BC7F04925F544E4003854C4 /* UIHelper.swift */,
				4BC7F04D25F551D1003854C4 /* Constants.swift */,
				63EED14225FA85EF0083C82B /* KeyboardContentInsetsBuilder.swift */,
				63EED14725FAA02D0083C82B /* AddCocktailDelegate.swift */,
				4BE0D37725FE6F4200086375 /* EditCocktailDelegate.swift */,
			);
			path = Utils;
			sourceTree = "<group>";
		};
		4B8034D025DAFE9C00FE00AB /* CocktailCell */ = {
			isa = PBXGroup;
			children = (
				4B8034D325DB014E00FE00AB /* CocktailCollectionViewCell.swift */,
				4B8034D425DB014E00FE00AB /* CocktailCollectionViewCell.xib */,
			);
			path = CocktailCell;
			sourceTree = "<group>";
		};
		4B8034D725DC5F4300FE00AB /* CocktailsList */ = {
			isa = PBXGroup;
			children = (
				4B8034D025DAFE9C00FE00AB /* CocktailCell */,
				4B2CA9A025D338F900C8B391 /* CocktailsListViewController.swift */,
			);
			path = CocktailsList;
			sourceTree = "<group>";
		};
		4B8034D825DC5FAB00FE00AB /* Data */ = {
			isa = PBXGroup;
			children = (
				4B2CA9B325D5B42D00C8B391 /* CocktailsListDataSource.swift */,
				4B6CA5D325DC6D7B00DBA185 /* GridCollectionViewDelegate.swift */,
				4BC7F05025F622B5003854C4 /* AuthDataManager.swift */,
			);
			path = Data;
			sourceTree = "<group>";
		};
		4B8034D925DC5FC200FE00AB /* Storyboards */ = {
			isa = PBXGroup;
			children = (
				4B2CA9A225D338F900C8B391 /* CocktailsList.storyboard */,
			);
			path = Storyboards;
			sourceTree = "<group>";
		};
		4BE0D37E260131B700086375 /* View */ = {
			isa = PBXGroup;
			children = (
				4B6CA5FE25E1347900DBA185 /* CocktailDetailsViewController.swift */,
			);
			path = View;
			sourceTree = "<group>";
		};
		4BE0D37F260131C300086375 /* ViewModel */ = {
			isa = PBXGroup;
			children = (
				4BE0D380260131DA00086375 /* CocktailDetailsViewModel.swift */,
			);
			path = ViewModel;
			sourceTree = "<group>";
		};
		63EED13325F9471C0083C82B /* AddCocktail */ = {
			isa = PBXGroup;
			children = (
				63EED13725F9476E0083C82B /* Service */,
				63EED13425F9473E0083C82B /* Model */,
				63EED13825F9535F0083C82B /* View */,
				63EED13B25FA01E90083C82B /* ViewModel */,
			);
			path = AddCocktail;
			sourceTree = "<group>";
		};
		63EED13425F9473E0083C82B /* Model */ = {
			isa = PBXGroup;
			children = (
				4B1C29DC25E959D600CB892A /* Cocktails.swift */,
				4BE0D37925FE729400086375 /* CocktailError.swift */,
			);
			path = Model;
			sourceTree = "<group>";
		};
		63EED13725F9476E0083C82B /* Service */ = {
			isa = PBXGroup;
			children = (
				63EED13525F947680083C82B /* CocktailService.swift */,
			);
			path = Service;
			sourceTree = "<group>";
		};
		63EED13825F9535F0083C82B /* View */ = {
			isa = PBXGroup;
			children = (
				63EED13925F9539D0083C82B /* AddOrEditCocktailViewController.swift */,
			);
			path = View;
			sourceTree = "<group>";
		};
		63EED13B25FA01E90083C82B /* ViewModel */ = {
			isa = PBXGroup;
			children = (
				63EED13C25FA02130083C82B /* AddOrEditCocktailViewModel.swift */,
			);
			path = ViewModel;
			sourceTree = "<group>";
		};
		63EED14425FA86E80083C82B /* Extensions */ = {
			isa = PBXGroup;
			children = (
				4BC7F04B25F54F6F003854C4 /* UIColorExtensions.swift */,
				63EED13E25FA83C40083C82B /* StringExtensions.swift */,
				63EED14025FA83EC0083C82B /* UINavigationControllerExtensions.swift */,
			);
			path = Extensions;
			sourceTree = "<group>";
		};
		FBCC0A9375176F981F84808F /* Frameworks */ = {
			isa = PBXGroup;
			children = (
				671BCE4A6376B3FBD1FFE27A /* Pods_Izyabar.framework */,
			);
			name = Frameworks;
			sourceTree = "<group>";
		};
/* End PBXGroup section */

/* Begin PBXNativeTarget section */
		4B2CA99825D338F900C8B391 /* Izyabar */ = {
			isa = PBXNativeTarget;
			buildConfigurationList = 4B2CA9AD25D338FB00C8B391 /* Build configuration list for PBXNativeTarget "Izyabar" */;
			buildPhases = (
				27D32D501D84443D51E45D13 /* [CP] Check Pods Manifest.lock */,
				4B2CA99525D338F900C8B391 /* Sources */,
				4B2CA99625D338F900C8B391 /* Frameworks */,
				4B2CA99725D338F900C8B391 /* Resources */,
				C01C680F0A4C9A5654ACB65A /* [CP] Embed Pods Frameworks */,
				4BC7F04F25F5564E003854C4 /* ShellScript */,
			);
			buildRules = (
			);
			dependencies = (
			);
			name = Izyabar;
			productName = Izyabar;
			productReference = 4B2CA99925D338F900C8B391 /* Izyabar.app */;
			productType = "com.apple.product-type.application";
		};
/* End PBXNativeTarget section */

/* Begin PBXProject section */
		4B2CA99125D338F900C8B391 /* Project object */ = {
			isa = PBXProject;
			attributes = {
				LastSwiftUpdateCheck = 1240;
				LastUpgradeCheck = 1240;
				TargetAttributes = {
					4B2CA99825D338F900C8B391 = {
						CreatedOnToolsVersion = 12.4;
					};
				};
			};
			buildConfigurationList = 4B2CA99425D338F900C8B391 /* Build configuration list for PBXProject "Izyabar" */;
			compatibilityVersion = "Xcode 9.3";
			developmentRegion = en;
			hasScannedForEncodings = 0;
			knownRegions = (
				en,
				Base,
				ru,
			);
			mainGroup = 4B2CA99025D338F800C8B391;
			productRefGroup = 4B2CA99A25D338F900C8B391 /* Products */;
			projectDirPath = "";
			projectRoot = "";
			targets = (
				4B2CA99825D338F900C8B391 /* Izyabar */,
			);
		};
/* End PBXProject section */

/* Begin PBXResourcesBuildPhase section */
		4B2CA99725D338F900C8B391 /* Resources */ = {
			isa = PBXResourcesBuildPhase;
			buildActionMask = 2147483647;
			files = (
				4B2CA9A925D338FB00C8B391 /* LaunchScreen.storyboard in Resources */,
				4B5CF07825EC3138001AB98E /* CeraRoundPro-Regular.otf in Resources */,
				4B2CA9A625D338FB00C8B391 /* Assets.xcassets in Resources */,
				4B8034D625DB014E00FE00AB /* CocktailCollectionViewCell.xib in Resources */,
				4BC7F04525F539B2003854C4 /* Localizable.strings in Resources */,
				4B5CF07625EC3138001AB98E /* CeraRoundPro-Light.otf in Resources */,
				4B5CF07525EC3138001AB98E /* CeraPro-Bold.ttf in Resources */,
				4B5CF07725EC3138001AB98E /* CeraPro-Medium.ttf in Resources */,
				4B2CA9A425D338F900C8B391 /* CocktailsList.storyboard in Resources */,
			);
			runOnlyForDeploymentPostprocessing = 0;
		};
/* End PBXResourcesBuildPhase section */

/* Begin PBXShellScriptBuildPhase section */
		27D32D501D84443D51E45D13 /* [CP] Check Pods Manifest.lock */ = {
			isa = PBXShellScriptBuildPhase;
			buildActionMask = 2147483647;
			files = (
			);
			inputFileListPaths = (
			);
			inputPaths = (
				"${PODS_PODFILE_DIR_PATH}/Podfile.lock",
				"${PODS_ROOT}/Manifest.lock",
			);
			name = "[CP] Check Pods Manifest.lock";
			outputFileListPaths = (
			);
			outputPaths = (
				"$(DERIVED_FILE_DIR)/Pods-Izyabar-checkManifestLockResult.txt",
			);
			runOnlyForDeploymentPostprocessing = 0;
			shellPath = /bin/sh;
			shellScript = "diff \"${PODS_PODFILE_DIR_PATH}/Podfile.lock\" \"${PODS_ROOT}/Manifest.lock\" > /dev/null\nif [ $? != 0 ] ; then\n    # print error to STDERR\n    echo \"error: The sandbox is not in sync with the Podfile.lock. Run 'pod install' or update your CocoaPods installation.\" >&2\n    exit 1\nfi\n# This output is used by Xcode 'outputs' to avoid re-running this script phase.\necho \"SUCCESS\" > \"${SCRIPT_OUTPUT_FILE_0}\"\n";
			showEnvVarsInLog = 0;
		};
		4BC7F04F25F5564E003854C4 /* ShellScript */ = {
			isa = PBXShellScriptBuildPhase;
			buildActionMask = 2147483647;
			files = (
			);
			inputFileListPaths = (
			);
			inputPaths = (
			);
			outputFileListPaths = (
			);
			outputPaths = (
			);
			runOnlyForDeploymentPostprocessing = 0;
			shellPath = /bin/sh;
			shellScript = "if which swiftlint >/dev/null; then\n  swiftlint autocorrect && swiftlint\nelse\n  echo \"warning: SwiftLint not installed, download from https://github.com/realm/SwiftLint\"\nfi\n";
		};
		C01C680F0A4C9A5654ACB65A /* [CP] Embed Pods Frameworks */ = {
			isa = PBXShellScriptBuildPhase;
			buildActionMask = 2147483647;
			files = (
			);
			inputFileListPaths = (
				"${PODS_ROOT}/Target Support Files/Pods-Izyabar/Pods-Izyabar-frameworks-${CONFIGURATION}-input-files.xcfilelist",
			);
			name = "[CP] Embed Pods Frameworks";
			outputFileListPaths = (
				"${PODS_ROOT}/Target Support Files/Pods-Izyabar/Pods-Izyabar-frameworks-${CONFIGURATION}-output-files.xcfilelist",
			);
			runOnlyForDeploymentPostprocessing = 0;
			shellPath = /bin/sh;
			shellScript = "\"${PODS_ROOT}/Target Support Files/Pods-Izyabar/Pods-Izyabar-frameworks.sh\"\n";
			showEnvVarsInLog = 0;
		};
/* End PBXShellScriptBuildPhase section */

/* Begin PBXSourcesBuildPhase section */
		4B2CA99525D338F900C8B391 /* Sources */ = {
			isa = PBXSourcesBuildPhase;
			buildActionMask = 2147483647;
			files = (
				4B2CA9A125D338F900C8B391 /* CocktailsListViewController.swift in Sources */,
				4B2CA99D25D338F900C8B391 /* AppDelegate.swift in Sources */,
				4BE0D37A25FE729400086375 /* CocktailError.swift in Sources */,
				4BE0D37825FE6F4200086375 /* EditCocktailDelegate.swift in Sources */,
				4B2CA9B425D5B42D00C8B391 /* CocktailsListDataSource.swift in Sources */,
				4BC7F05125F622B5003854C4 /* AuthDataManager.swift in Sources */,
				63EED14325FA85EF0083C82B /* KeyboardContentInsetsBuilder.swift in Sources */,
				4B1C29DD25E959D600CB892A /* Cocktails.swift in Sources */,
				4B8034D525DB014E00FE00AB /* CocktailCollectionViewCell.swift in Sources */,
				63EED13D25FA02130083C82B /* AddOrEditCocktailViewModel.swift in Sources */,
				4B2CA99F25D338F900C8B391 /* SceneDelegate.swift in Sources */,
				63EED13625F947680083C82B /* CocktailService.swift in Sources */,
				63EED13A25F9539D0083C82B /* AddOrEditCocktailViewController.swift in Sources */,
				4BE0D381260131DA00086375 /* CocktailDetailsViewModel.swift in Sources */,
				4B6CA5D425DC6D7B00DBA185 /* GridCollectionViewDelegate.swift in Sources */,
				4BC7F04C25F54F6F003854C4 /* UIColorExtensions.swift in Sources */,
				4B6CA60225E42A4700DBA185 /* Config.swift in Sources */,
				4B6CA60425E430E300DBA185 /* IzyabarService.swift in Sources */,
				63EED14125FA83EC0083C82B /* UINavigationControllerExtensions.swift in Sources */,
				4BC7F04E25F551D1003854C4 /* Constants.swift in Sources */,
				63EED13F25FA83C40083C82B /* StringExtensions.swift in Sources */,
				4B6CA5FF25E1347900DBA185 /* CocktailDetailsViewController.swift in Sources */,
				63EED14825FAA02D0083C82B /* AddCocktailDelegate.swift in Sources */,
				4BC7F04A25F544E4003854C4 /* UIHelper.swift in Sources */,
			);
			runOnlyForDeploymentPostprocessing = 0;
		};
/* End PBXSourcesBuildPhase section */

/* Begin PBXVariantGroup section */
		4B2CA9A225D338F900C8B391 /* CocktailsList.storyboard */ = {
			isa = PBXVariantGroup;
			children = (
				4B2CA9A325D338F900C8B391 /* Base */,
				4BC7F04125F5357C003854C4 /* ru */,
			);
			name = CocktailsList.storyboard;
			sourceTree = "<group>";
		};
		4B2CA9A725D338FB00C8B391 /* LaunchScreen.storyboard */ = {
			isa = PBXVariantGroup;
			children = (
				4B2CA9A825D338FB00C8B391 /* Base */,
				4BC7F04225F5357D003854C4 /* ru */,
			);
			name = LaunchScreen.storyboard;
			sourceTree = "<group>";
		};
		4BC7F04725F539B2003854C4 /* Localizable.strings */ = {
			isa = PBXVariantGroup;
			children = (
				4BC7F04625F539B2003854C4 /* ru */,
				4BC7F04825F539B7003854C4 /* en */,
			);
			name = Localizable.strings;
			sourceTree = "<group>";
		};
/* End PBXVariantGroup section */

/* Begin XCBuildConfiguration section */
		4B2CA9AB25D338FB00C8B391 /* Debug */ = {
			isa = XCBuildConfiguration;
			buildSettings = {
				ALWAYS_SEARCH_USER_PATHS = NO;
				CLANG_ANALYZER_LOCALIZABILITY_NONLOCALIZED = YES;
				CLANG_ANALYZER_NONNULL = YES;
				CLANG_ANALYZER_NUMBER_OBJECT_CONVERSION = YES_AGGRESSIVE;
				CLANG_CXX_LANGUAGE_STANDARD = "gnu++14";
				CLANG_CXX_LIBRARY = "libc++";
				CLANG_ENABLE_MODULES = YES;
				CLANG_ENABLE_OBJC_ARC = YES;
				CLANG_ENABLE_OBJC_WEAK = YES;
				CLANG_WARN_BLOCK_CAPTURE_AUTORELEASING = YES;
				CLANG_WARN_BOOL_CONVERSION = YES;
				CLANG_WARN_COMMA = YES;
				CLANG_WARN_CONSTANT_CONVERSION = YES;
				CLANG_WARN_DEPRECATED_OBJC_IMPLEMENTATIONS = YES;
				CLANG_WARN_DIRECT_OBJC_ISA_USAGE = YES_ERROR;
				CLANG_WARN_DOCUMENTATION_COMMENTS = YES;
				CLANG_WARN_EMPTY_BODY = YES;
				CLANG_WARN_ENUM_CONVERSION = YES;
				CLANG_WARN_INFINITE_RECURSION = YES;
				CLANG_WARN_INT_CONVERSION = YES;
				CLANG_WARN_NON_LITERAL_NULL_CONVERSION = YES;
				CLANG_WARN_OBJC_IMPLICIT_RETAIN_SELF = YES;
				CLANG_WARN_OBJC_LITERAL_CONVERSION = YES;
				CLANG_WARN_OBJC_ROOT_CLASS = YES_ERROR;
				CLANG_WARN_QUOTED_INCLUDE_IN_FRAMEWORK_HEADER = YES;
				CLANG_WARN_RANGE_LOOP_ANALYSIS = YES;
				CLANG_WARN_STRICT_PROTOTYPES = YES;
				CLANG_WARN_SUSPICIOUS_MOVE = YES;
				CLANG_WARN_UNGUARDED_AVAILABILITY = YES_AGGRESSIVE;
				CLANG_WARN_UNREACHABLE_CODE = YES;
				CLANG_WARN__DUPLICATE_METHOD_MATCH = YES;
				COPY_PHASE_STRIP = NO;
				DEBUG_INFORMATION_FORMAT = dwarf;
				ENABLE_STRICT_OBJC_MSGSEND = YES;
				ENABLE_TESTABILITY = YES;
				GCC_C_LANGUAGE_STANDARD = gnu11;
				GCC_DYNAMIC_NO_PIC = NO;
				GCC_NO_COMMON_BLOCKS = YES;
				GCC_OPTIMIZATION_LEVEL = 0;
				GCC_PREPROCESSOR_DEFINITIONS = (
					"DEBUG=1",
					"$(inherited)",
				);
				GCC_WARN_64_TO_32_BIT_CONVERSION = YES;
				GCC_WARN_ABOUT_RETURN_TYPE = YES_ERROR;
				GCC_WARN_UNDECLARED_SELECTOR = YES;
				GCC_WARN_UNINITIALIZED_AUTOS = YES_AGGRESSIVE;
				GCC_WARN_UNUSED_FUNCTION = YES;
				GCC_WARN_UNUSED_VARIABLE = YES;
				IPHONEOS_DEPLOYMENT_TARGET = 14.4;
				MTL_ENABLE_DEBUG_INFO = INCLUDE_SOURCE;
				MTL_FAST_MATH = YES;
				ONLY_ACTIVE_ARCH = YES;
				SDKROOT = iphoneos;
				SWIFT_ACTIVE_COMPILATION_CONDITIONS = DEBUG;
				SWIFT_OPTIMIZATION_LEVEL = "-Onone";
			};
			name = Debug;
		};
		4B2CA9AC25D338FB00C8B391 /* Release */ = {
			isa = XCBuildConfiguration;
			buildSettings = {
				ALWAYS_SEARCH_USER_PATHS = NO;
				CLANG_ANALYZER_LOCALIZABILITY_NONLOCALIZED = YES;
				CLANG_ANALYZER_NONNULL = YES;
				CLANG_ANALYZER_NUMBER_OBJECT_CONVERSION = YES_AGGRESSIVE;
				CLANG_CXX_LANGUAGE_STANDARD = "gnu++14";
				CLANG_CXX_LIBRARY = "libc++";
				CLANG_ENABLE_MODULES = YES;
				CLANG_ENABLE_OBJC_ARC = YES;
				CLANG_ENABLE_OBJC_WEAK = YES;
				CLANG_WARN_BLOCK_CAPTURE_AUTORELEASING = YES;
				CLANG_WARN_BOOL_CONVERSION = YES;
				CLANG_WARN_COMMA = YES;
				CLANG_WARN_CONSTANT_CONVERSION = YES;
				CLANG_WARN_DEPRECATED_OBJC_IMPLEMENTATIONS = YES;
				CLANG_WARN_DIRECT_OBJC_ISA_USAGE = YES_ERROR;
				CLANG_WARN_DOCUMENTATION_COMMENTS = YES;
				CLANG_WARN_EMPTY_BODY = YES;
				CLANG_WARN_ENUM_CONVERSION = YES;
				CLANG_WARN_INFINITE_RECURSION = YES;
				CLANG_WARN_INT_CONVERSION = YES;
				CLANG_WARN_NON_LITERAL_NULL_CONVERSION = YES;
				CLANG_WARN_OBJC_IMPLICIT_RETAIN_SELF = YES;
				CLANG_WARN_OBJC_LITERAL_CONVERSION = YES;
				CLANG_WARN_OBJC_ROOT_CLASS = YES_ERROR;
				CLANG_WARN_QUOTED_INCLUDE_IN_FRAMEWORK_HEADER = YES;
				CLANG_WARN_RANGE_LOOP_ANALYSIS = YES;
				CLANG_WARN_STRICT_PROTOTYPES = YES;
				CLANG_WARN_SUSPICIOUS_MOVE = YES;
				CLANG_WARN_UNGUARDED_AVAILABILITY = YES_AGGRESSIVE;
				CLANG_WARN_UNREACHABLE_CODE = YES;
				CLANG_WARN__DUPLICATE_METHOD_MATCH = YES;
				COPY_PHASE_STRIP = NO;
				DEBUG_INFORMATION_FORMAT = "dwarf-with-dsym";
				ENABLE_NS_ASSERTIONS = NO;
				ENABLE_STRICT_OBJC_MSGSEND = YES;
				GCC_C_LANGUAGE_STANDARD = gnu11;
				GCC_NO_COMMON_BLOCKS = YES;
				GCC_WARN_64_TO_32_BIT_CONVERSION = YES;
				GCC_WARN_ABOUT_RETURN_TYPE = YES_ERROR;
				GCC_WARN_UNDECLARED_SELECTOR = YES;
				GCC_WARN_UNINITIALIZED_AUTOS = YES_AGGRESSIVE;
				GCC_WARN_UNUSED_FUNCTION = YES;
				GCC_WARN_UNUSED_VARIABLE = YES;
				IPHONEOS_DEPLOYMENT_TARGET = 14.4;
				MTL_ENABLE_DEBUG_INFO = NO;
				MTL_FAST_MATH = YES;
				SDKROOT = iphoneos;
				SWIFT_COMPILATION_MODE = wholemodule;
				SWIFT_OPTIMIZATION_LEVEL = "-O";
				VALIDATE_PRODUCT = YES;
			};
			name = Release;
		};
		4B2CA9AE25D338FB00C8B391 /* Debug */ = {
			isa = XCBuildConfiguration;
			baseConfigurationReference = BB89007151B8B3EC60C117A8 /* Pods-Izyabar.debug.xcconfig */;
			buildSettings = {
				ASSETCATALOG_COMPILER_APPICON_NAME = AppIcon;
				ASSETCATALOG_COMPILER_GLOBAL_ACCENT_COLOR_NAME = AccentColor;
				CODE_SIGN_STYLE = Automatic;
				DEVELOPMENT_TEAM = 25V7QQD9YE;
				INFOPLIST_FILE = Izyabar/Info.plist;
				LD_RUNPATH_SEARCH_PATHS = (
					"$(inherited)",
					"@executable_path/Frameworks",
				);
				PRODUCT_BUNDLE_IDENTIFIER = com.okunev.Izyabar;
				PRODUCT_NAME = "$(TARGET_NAME)";
				SWIFT_VERSION = 5.0;
				TARGETED_DEVICE_FAMILY = "1,2";
			};
			name = Debug;
		};
		4B2CA9AF25D338FB00C8B391 /* Release */ = {
			isa = XCBuildConfiguration;
			baseConfigurationReference = F61158B8DEF2B61D7F010270 /* Pods-Izyabar.release.xcconfig */;
			buildSettings = {
				ASSETCATALOG_COMPILER_APPICON_NAME = AppIcon;
				ASSETCATALOG_COMPILER_GLOBAL_ACCENT_COLOR_NAME = AccentColor;
				CODE_SIGN_STYLE = Automatic;
				DEVELOPMENT_TEAM = 25V7QQD9YE;
				INFOPLIST_FILE = Izyabar/Info.plist;
				LD_RUNPATH_SEARCH_PATHS = (
					"$(inherited)",
					"@executable_path/Frameworks",
				);
				PRODUCT_BUNDLE_IDENTIFIER = com.okunev.Izyabar;
				PRODUCT_NAME = "$(TARGET_NAME)";
				SWIFT_VERSION = 5.0;
				TARGETED_DEVICE_FAMILY = "1,2";
			};
			name = Release;
		};
/* End XCBuildConfiguration section */

/* Begin XCConfigurationList section */
		4B2CA99425D338F900C8B391 /* Build configuration list for PBXProject "Izyabar" */ = {
			isa = XCConfigurationList;
			buildConfigurations = (
				4B2CA9AB25D338FB00C8B391 /* Debug */,
				4B2CA9AC25D338FB00C8B391 /* Release */,
			);
			defaultConfigurationIsVisible = 0;
			defaultConfigurationName = Release;
		};
		4B2CA9AD25D338FB00C8B391 /* Build configuration list for PBXNativeTarget "Izyabar" */ = {
			isa = XCConfigurationList;
			buildConfigurations = (
				4B2CA9AE25D338FB00C8B391 /* Debug */,
				4B2CA9AF25D338FB00C8B391 /* Release */,
			);
			defaultConfigurationIsVisible = 0;
			defaultConfigurationName = Release;
		};
/* End XCConfigurationList section */
	};
	rootObject = 4B2CA99125D338F900C8B391 /* Project object */;
}
